
Microsoft Visual Studio Solution File, Format Version 12.00
# Visual Studio 14
VisualStudioVersion = 14.0.25420.1
MinimumVisualStudioVersion = 10.0.40219.1
Project("{FAE04EC0-301F-11D3-BF4B-00C04F79EFBC}") = "TrabalhoDia_16-08-17", "TrabalhoDia_16-08-17\TrabalhoDia_16-08-17.csproj", "{B31BC36B-74FD-4B77-B14F-81A01F6E7660}"
EndProject
Global
	GlobalSection(SolutionConfigurationPlatforms) = preSolution
		Debug|Any CPU = Debug|Any CPU
		Release|Any CPU = Release|Any CPU
	EndGlobalSection
	GlobalSection(ProjectConfigurationPlatforms) = postSolution
		{B31BC36B-74FD-4B77-B14F-81A01F6E7660}.Debug|Any CPU.ActiveCfg = Debug|Any CPU
		{B31BC36B-74FD-4B77-B14F-81A01F6E7660}.Debug|Any CPU.Build.0 = Debug|Any CPU
		{B31BC36B-74FD-4B77-B14F-81A01F6E7660}.Release|Any CPU.ActiveCfg = Release|Any CPU
		{B31BC36B-74FD-4B77-B14F-81A01F6E7660}.Release|Any CPU.Build.0 = Release|Any CPU
	EndGlobalSection
	GlobalSection(SolutionProperties) = preSolution
		HideSolutionNode = FALSE
	EndGlobalSection
EndGlobal
